// !$*UTF8*$!
{
	archiveVersion = 1;
	classes = {
	};
	objectVersion = 50;
	objects = {

/* Begin PBXBuildFile section */
		9BBAFCF323894A8300460AC8 /* AppDelegate.swift in Sources */ = {isa = PBXBuildFile; fileRef = 9BBAFCF223894A8300460AC8 /* AppDelegate.swift */; };
		9BBAFCF523894A8300460AC8 /* SceneDelegate.swift in Sources */ = {isa = PBXBuildFile; fileRef = 9BBAFCF423894A8300460AC8 /* SceneDelegate.swift */; };
		9BBAFCF723894A8300460AC8 /* ImageGalleryViewController.swift in Sources */ = {isa = PBXBuildFile; fileRef = 9BBAFCF623894A8300460AC8 /* ImageGalleryViewController.swift */; };
		9BBAFCFA23894A8300460AC8 /* ImageGallery.storyboard in Resources */ = {isa = PBXBuildFile; fileRef = 9BBAFCF823894A8300460AC8 /* ImageGallery.storyboard */; };
		9BBAFCFC23894A8600460AC8 /* Assets.xcassets in Resources */ = {isa = PBXBuildFile; fileRef = 9BBAFCFB23894A8600460AC8 /* Assets.xcassets */; };
		9BBAFCFF23894A8600460AC8 /* LaunchScreen.storyboard in Resources */ = {isa = PBXBuildFile; fileRef = 9BBAFCFD23894A8600460AC8 /* LaunchScreen.storyboard */; };
		9BBAFD2C23894D4900460AC8 /* PagedResponseModel.swift in Sources */ = {isa = PBXBuildFile; fileRef = 9BBAFD1E23894D4900460AC8 /* PagedResponseModel.swift */; };
		9BBAFD2D23894D4900460AC8 /* ParserProtocol.swift in Sources */ = {isa = PBXBuildFile; fileRef = 9BBAFD2023894D4900460AC8 /* ParserProtocol.swift */; };
		9BBAFD2F23894D4900460AC8 /* ParserHelper.swift in Sources */ = {isa = PBXBuildFile; fileRef = 9BBAFD2223894D4900460AC8 /* ParserHelper.swift */; };
		9BBAFD3023894D4900460AC8 /* BaseParser.swift in Sources */ = {isa = PBXBuildFile; fileRef = 9BBAFD2323894D4900460AC8 /* BaseParser.swift */; };
		9BBAFD3123894D4900460AC8 /* NetworkingManager.swift in Sources */ = {isa = PBXBuildFile; fileRef = 9BBAFD2423894D4900460AC8 /* NetworkingManager.swift */; };
		9BBAFD3223894D4900460AC8 /* NetworkingRequestManager.swift in Sources */ = {isa = PBXBuildFile; fileRef = 9BBAFD2523894D4900460AC8 /* NetworkingRequestManager.swift */; };
		9BBAFD3323894D4900460AC8 /* NetworkingService.swift in Sources */ = {isa = PBXBuildFile; fileRef = 9BBAFD2623894D4900460AC8 /* NetworkingService.swift */; };
		9BBAFD3423894D4900460AC8 /* URLRequestProtocol.swift in Sources */ = {isa = PBXBuildFile; fileRef = 9BBAFD2723894D4900460AC8 /* URLRequestProtocol.swift */; };
		9BBAFD3823894D8800460AC8 /* NSError+Message.swift in Sources */ = {isa = PBXBuildFile; fileRef = 9BBAFD3723894D8800460AC8 /* NSError+Message.swift */; };
		9BBAFD3A2389512200460AC8 /* ImageModel.swift in Sources */ = {isa = PBXBuildFile; fileRef = 9BBAFD392389512200460AC8 /* ImageModel.swift */; };
/* End PBXBuildFile section */

/* Begin PBXContainerItemProxy section */
		9BBAFD0623894A8600460AC8 /* PBXContainerItemProxy */ = {
			isa = PBXContainerItemProxy;
			containerPortal = 9BBAFCE723894A8300460AC8 /* Project object */;
			proxyType = 1;
			remoteGlobalIDString = 9BBAFCEE23894A8300460AC8;
			remoteInfo = ImageGallery;
		};
/* End PBXContainerItemProxy section */

/* Begin PBXFileReference section */
		9BBAFCEF23894A8300460AC8 /* ImageGallery.app */ = {isa = PBXFileReference; explicitFileType = wrapper.application; includeInIndex = 0; path = ImageGallery.app; sourceTree = BUILT_PRODUCTS_DIR; };
		9BBAFCF223894A8300460AC8 /* AppDelegate.swift */ = {isa = PBXFileReference; lastKnownFileType = sourcecode.swift; path = AppDelegate.swift; sourceTree = "<group>"; };
		9BBAFCF423894A8300460AC8 /* SceneDelegate.swift */ = {isa = PBXFileReference; lastKnownFileType = sourcecode.swift; path = SceneDelegate.swift; sourceTree = "<group>"; };
		9BBAFCF623894A8300460AC8 /* ImageGalleryViewController.swift */ = {isa = PBXFileReference; lastKnownFileType = sourcecode.swift; path = ImageGalleryViewController.swift; sourceTree = "<group>"; };
		9BBAFCF923894A8300460AC8 /* Base */ = {isa = PBXFileReference; lastKnownFileType = file.storyboard; name = Base; path = Base.lproj/ImageGallery.storyboard; sourceTree = "<group>"; };
		9BBAFCFB23894A8600460AC8 /* Assets.xcassets */ = {isa = PBXFileReference; lastKnownFileType = folder.assetcatalog; path = Assets.xcassets; sourceTree = "<group>"; };
		9BBAFCFE23894A8600460AC8 /* Base */ = {isa = PBXFileReference; lastKnownFileType = file.storyboard; name = Base; path = Base.lproj/LaunchScreen.storyboard; sourceTree = "<group>"; };
		9BBAFD0023894A8600460AC8 /* Info.plist */ = {isa = PBXFileReference; lastKnownFileType = text.plist.xml; path = Info.plist; sourceTree = "<group>"; };
		9BBAFD0523894A8600460AC8 /* ImageGalleryTests.xctest */ = {isa = PBXFileReference; explicitFileType = wrapper.cfbundle; includeInIndex = 0; path = ImageGalleryTests.xctest; sourceTree = BUILT_PRODUCTS_DIR; };
		9BBAFD0B23894A8600460AC8 /* Info.plist */ = {isa = PBXFileReference; lastKnownFileType = text.plist.xml; path = Info.plist; sourceTree = "<group>"; };
		9BBAFD1E23894D4900460AC8 /* PagedResponseModel.swift */ = {isa = PBXFileReference; fileEncoding = 4; lastKnownFileType = sourcecode.swift; path = PagedResponseModel.swift; sourceTree = "<group>"; };
		9BBAFD2023894D4900460AC8 /* ParserProtocol.swift */ = {isa = PBXFileReference; fileEncoding = 4; lastKnownFileType = sourcecode.swift; path = ParserProtocol.swift; sourceTree = "<group>"; };
		9BBAFD2223894D4900460AC8 /* ParserHelper.swift */ = {isa = PBXFileReference; fileEncoding = 4; lastKnownFileType = sourcecode.swift; path = ParserHelper.swift; sourceTree = "<group>"; };
		9BBAFD2323894D4900460AC8 /* BaseParser.swift */ = {isa = PBXFileReference; fileEncoding = 4; lastKnownFileType = sourcecode.swift; path = BaseParser.swift; sourceTree = "<group>"; };
		9BBAFD2423894D4900460AC8 /* NetworkingManager.swift */ = {isa = PBXFileReference; fileEncoding = 4; lastKnownFileType = sourcecode.swift; path = NetworkingManager.swift; sourceTree = "<group>"; };
		9BBAFD2523894D4900460AC8 /* NetworkingRequestManager.swift */ = {isa = PBXFileReference; fileEncoding = 4; lastKnownFileType = sourcecode.swift; path = NetworkingRequestManager.swift; sourceTree = "<group>"; };
		9BBAFD2623894D4900460AC8 /* NetworkingService.swift */ = {isa = PBXFileReference; fileEncoding = 4; lastKnownFileType = sourcecode.swift; path = NetworkingService.swift; sourceTree = "<group>"; };
		9BBAFD2723894D4900460AC8 /* URLRequestProtocol.swift */ = {isa = PBXFileReference; fileEncoding = 4; lastKnownFileType = sourcecode.swift; path = URLRequestProtocol.swift; sourceTree = "<group>"; };
		9BBAFD3723894D8800460AC8 /* NSError+Message.swift */ = {isa = PBXFileReference; lastKnownFileType = sourcecode.swift; path = "NSError+Message.swift"; sourceTree = "<group>"; };
		9BBAFD392389512200460AC8 /* ImageModel.swift */ = {isa = PBXFileReference; lastKnownFileType = sourcecode.swift; path = ImageModel.swift; sourceTree = "<group>"; };
/* End PBXFileReference section */

/* Begin PBXFrameworksBuildPhase section */
		9BBAFCEC23894A8300460AC8 /* Frameworks */ = {
			isa = PBXFrameworksBuildPhase;
			buildActionMask = 2147483647;
			files = (
			);
			runOnlyForDeploymentPostprocessing = 0;
		};
		9BBAFD0223894A8600460AC8 /* Frameworks */ = {
			isa = PBXFrameworksBuildPhase;
			buildActionMask = 2147483647;
			files = (
			);
			runOnlyForDeploymentPostprocessing = 0;
		};
/* End PBXFrameworksBuildPhase section */

/* Begin PBXGroup section */
		9BBAFCE623894A8300460AC8 = {
			isa = PBXGroup;
			children = (
				9BBAFCF123894A8300460AC8 /* ImageGallery */,
				9BBAFD0823894A8600460AC8 /* ImageGalleryTests */,
				9BBAFCF023894A8300460AC8 /* Products */,
			);
			sourceTree = "<group>";
		};
		9BBAFCF023894A8300460AC8 /* Products */ = {
			isa = PBXGroup;
			children = (
				9BBAFCEF23894A8300460AC8 /* ImageGallery.app */,
				9BBAFD0523894A8600460AC8 /* ImageGalleryTests.xctest */,
			);
			name = Products;
			sourceTree = "<group>";
		};
		9BBAFCF123894A8300460AC8 /* ImageGallery */ = {
			isa = PBXGroup;
			children = (
				9BBAFCF223894A8300460AC8 /* AppDelegate.swift */,
				9BBAFCF423894A8300460AC8 /* SceneDelegate.swift */,
				9BBAFD1823894D0C00460AC8 /* Networking */,
				9BBAFD1523894C6600460AC8 /* Features */,
				9BBAFD3523894D7300460AC8 /* Ultils */,
				9BBAFD1423894C4000460AC8 /* Resources */,
			);
			path = ImageGallery;
			sourceTree = "<group>";
		};
		9BBAFD0823894A8600460AC8 /* ImageGalleryTests */ = {
			isa = PBXGroup;
			children = (
				9BBAFD0B23894A8600460AC8 /* Info.plist */,
			);
			path = ImageGalleryTests;
			sourceTree = "<group>";
		};
		9BBAFD1423894C4000460AC8 /* Resources */ = {
			isa = PBXGroup;
			children = (
				9BBAFD0023894A8600460AC8 /* Info.plist */,
				9BBAFCFB23894A8600460AC8 /* Assets.xcassets */,
			);
			path = Resources;
			sourceTree = "<group>";
		};
		9BBAFD1523894C6600460AC8 /* Features */ = {
			isa = PBXGroup;
			children = (
				9BBAFD1623894C7E00460AC8 /* Launch */,
				9BBAFD1723894C8B00460AC8 /* ImageGallery */,
			);
			path = Features;
			sourceTree = "<group>";
		};
		9BBAFD1623894C7E00460AC8 /* Launch */ = {
			isa = PBXGroup;
			children = (
				9BBAFCFD23894A8600460AC8 /* LaunchScreen.storyboard */,
			);
			path = Launch;
			sourceTree = "<group>";
		};
		9BBAFD1723894C8B00460AC8 /* ImageGallery */ = {
			isa = PBXGroup;
			children = (
				9BBAFCF623894A8300460AC8 /* ImageGalleryViewController.swift */,
				9BBAFCF823894A8300460AC8 /* ImageGallery.storyboard */,
			);
			path = ImageGallery;
			sourceTree = "<group>";
		};
		9BBAFD1823894D0C00460AC8 /* Networking */ = {
			isa = PBXGroup;
			children = (
				9BBAFD2423894D4900460AC8 /* NetworkingManager.swift */,
				9BBAFD2523894D4900460AC8 /* NetworkingRequestManager.swift */,
				9BBAFD2623894D4900460AC8 /* NetworkingService.swift */,
				9BBAFD2723894D4900460AC8 /* URLRequestProtocol.swift */,
				9BBAFD1923894D4900460AC8 /* Model */,
				9BBAFD1F23894D4900460AC8 /* Parser */,
			);
			path = Networking;
			sourceTree = "<group>";
		};
		9BBAFD1923894D4900460AC8 /* Model */ = {
			isa = PBXGroup;
			children = (
				9BBAFD1E23894D4900460AC8 /* PagedResponseModel.swift */,
				9BBAFD392389512200460AC8 /* ImageModel.swift */,
			);
			path = Model;
			sourceTree = "<group>";
		};
		9BBAFD1F23894D4900460AC8 /* Parser */ = {
			isa = PBXGroup;
			children = (
				9BBAFD2023894D4900460AC8 /* ParserProtocol.swift */,
				9BBAFD2223894D4900460AC8 /* ParserHelper.swift */,
				9BBAFD2323894D4900460AC8 /* BaseParser.swift */,
			);
			path = Parser;
			sourceTree = "<group>";
		};
		9BBAFD3523894D7300460AC8 /* Ultils */ = {
			isa = PBXGroup;
			children = (
				9BBAFD3623894D7800460AC8 /* Extension */,
			);
			path = Ultils;
			sourceTree = "<group>";
		};
		9BBAFD3623894D7800460AC8 /* Extension */ = {
			isa = PBXGroup;
			children = (
				9BBAFD3723894D8800460AC8 /* NSError+Message.swift */,
			);
			path = Extension;
			sourceTree = "<group>";
		};
/* End PBXGroup section */

/* Begin PBXNativeTarget section */
		9BBAFCEE23894A8300460AC8 /* ImageGallery */ = {
			isa = PBXNativeTarget;
			buildConfigurationList = 9BBAFD0E23894A8600460AC8 /* Build configuration list for PBXNativeTarget "ImageGallery" */;
			buildPhases = (
				9BBAFCEB23894A8300460AC8 /* Sources */,
				9BBAFCEC23894A8300460AC8 /* Frameworks */,
				9BBAFCED23894A8300460AC8 /* Resources */,
			);
			buildRules = (
			);
			dependencies = (
			);
			name = ImageGallery;
			productName = ImageGallery;
			productReference = 9BBAFCEF23894A8300460AC8 /* ImageGallery.app */;
			productType = "com.apple.product-type.application";
		};
		9BBAFD0423894A8600460AC8 /* ImageGalleryTests */ = {
			isa = PBXNativeTarget;
			buildConfigurationList = 9BBAFD1123894A8600460AC8 /* Build configuration list for PBXNativeTarget "ImageGalleryTests" */;
			buildPhases = (
				9BBAFD0123894A8600460AC8 /* Sources */,
				9BBAFD0223894A8600460AC8 /* Frameworks */,
				9BBAFD0323894A8600460AC8 /* Resources */,
			);
			buildRules = (
			);
			dependencies = (
				9BBAFD0723894A8600460AC8 /* PBXTargetDependency */,
			);
			name = ImageGalleryTests;
			productName = ImageGalleryTests;
			productReference = 9BBAFD0523894A8600460AC8 /* ImageGalleryTests.xctest */;
			productType = "com.apple.product-type.bundle.unit-test";
		};
/* End PBXNativeTarget section */

/* Begin PBXProject section */
		9BBAFCE723894A8300460AC8 /* Project object */ = {
			isa = PBXProject;
			attributes = {
				LastSwiftUpdateCheck = 1120;
				LastUpgradeCheck = 1120;
				ORGANIZATIONNAME = "William Gomes";
				TargetAttributes = {
					9BBAFCEE23894A8300460AC8 = {
						CreatedOnToolsVersion = 11.2.1;
					};
					9BBAFD0423894A8600460AC8 = {
						CreatedOnToolsVersion = 11.2.1;
						TestTargetID = 9BBAFCEE23894A8300460AC8;
					};
				};
			};
			buildConfigurationList = 9BBAFCEA23894A8300460AC8 /* Build configuration list for PBXProject "ImageGallery" */;
			compatibilityVersion = "Xcode 9.3";
			developmentRegion = en;
			hasScannedForEncodings = 0;
			knownRegions = (
				en,
				Base,
			);
			mainGroup = 9BBAFCE623894A8300460AC8;
			productRefGroup = 9BBAFCF023894A8300460AC8 /* Products */;
			projectDirPath = "";
			projectRoot = "";
			targets = (
				9BBAFCEE23894A8300460AC8 /* ImageGallery */,
				9BBAFD0423894A8600460AC8 /* ImageGalleryTests */,
			);
		};
/* End PBXProject section */

/* Begin PBXResourcesBuildPhase section */
		9BBAFCED23894A8300460AC8 /* Resources */ = {
			isa = PBXResourcesBuildPhase;
			buildActionMask = 2147483647;
			files = (
				9BBAFCFF23894A8600460AC8 /* LaunchScreen.storyboard in Resources */,
				9BBAFCFC23894A8600460AC8 /* Assets.xcassets in Resources */,
				9BBAFCFA23894A8300460AC8 /* ImageGallery.storyboard in Resources */,
			);
			runOnlyForDeploymentPostprocessing = 0;
		};
		9BBAFD0323894A8600460AC8 /* Resources */ = {
			isa = PBXResourcesBuildPhase;
			buildActionMask = 2147483647;
			files = (
			);
			runOnlyForDeploymentPostprocessing = 0;
		};
/* End PBXResourcesBuildPhase section */

/* Begin PBXSourcesBuildPhase section */
		9BBAFCEB23894A8300460AC8 /* Sources */ = {
			isa = PBXSourcesBuildPhase;
			buildActionMask = 2147483647;
			files = (
				9BBAFD3323894D4900460AC8 /* NetworkingService.swift in Sources */,
				9BBAFD3423894D4900460AC8 /* URLRequestProtocol.swift in Sources */,
				9BBAFCF723894A8300460AC8 /* ImageGalleryViewController.swift in Sources */,
				9BBAFD3823894D8800460AC8 /* NSError+Message.swift in Sources */,
				9BBAFD3223894D4900460AC8 /* NetworkingRequestManager.swift in Sources */,
				9BBAFD2C23894D4900460AC8 /* PagedResponseModel.swift in Sources */,
				9BBAFCF323894A8300460AC8 /* AppDelegate.swift in Sources */,
				9BBAFD3A2389512200460AC8 /* ImageModel.swift in Sources */,
				9BBAFD3023894D4900460AC8 /* BaseParser.swift in Sources */,
				9BBAFD3123894D4900460AC8 /* NetworkingManager.swift in Sources */,
				9BBAFCF523894A8300460AC8 /* SceneDelegate.swift in Sources */,
				9BBAFD2F23894D4900460AC8 /* ParserHelper.swift in Sources */,
				9BBAFD2D23894D4900460AC8 /* ParserProtocol.swift in Sources */,
			);
			runOnlyForDeploymentPostprocessing = 0;
		};
		9BBAFD0123894A8600460AC8 /* Sources */ = {
			isa = PBXSourcesBuildPhase;
			buildActionMask = 2147483647;
			files = (
			);
			runOnlyForDeploymentPostprocessing = 0;
		};
/* End PBXSourcesBuildPhase section */

/* Begin PBXTargetDependency section */
		9BBAFD0723894A8600460AC8 /* PBXTargetDependency */ = {
			isa = PBXTargetDependency;
			target = 9BBAFCEE23894A8300460AC8 /* ImageGallery */;
			targetProxy = 9BBAFD0623894A8600460AC8 /* PBXContainerItemProxy */;
		};
/* End PBXTargetDependency section */

/* Begin PBXVariantGroup section */
		9BBAFCF823894A8300460AC8 /* ImageGallery.storyboard */ = {
			isa = PBXVariantGroup;
			children = (
				9BBAFCF923894A8300460AC8 /* Base */,
			);
			name = ImageGallery.storyboard;
			sourceTree = "<group>";
		};
		9BBAFCFD23894A8600460AC8 /* LaunchScreen.storyboard */ = {
			isa = PBXVariantGroup;
			children = (
				9BBAFCFE23894A8600460AC8 /* Base */,
			);
			name = LaunchScreen.storyboard;
			sourceTree = "<group>";
		};
/* End PBXVariantGroup section */

/* Begin XCBuildConfiguration section */
		9BBAFD0C23894A8600460AC8 /* Debug */ = {
			isa = XCBuildConfiguration;
			buildSettings = {
				ALWAYS_SEARCH_USER_PATHS = NO;
				CLANG_ANALYZER_NONNULL = YES;
				CLANG_ANALYZER_NUMBER_OBJECT_CONVERSION = YES_AGGRESSIVE;
				CLANG_CXX_LANGUAGE_STANDARD = "gnu++14";
				CLANG_CXX_LIBRARY = "libc++";
				CLANG_ENABLE_MODULES = YES;
				CLANG_ENABLE_OBJC_ARC = YES;
				CLANG_ENABLE_OBJC_WEAK = YES;
				CLANG_WARN_BLOCK_CAPTURE_AUTORELEASING = YES;
				CLANG_WARN_BOOL_CONVERSION = YES;
				CLANG_WARN_COMMA = YES;
				CLANG_WARN_CONSTANT_CONVERSION = YES;
				CLANG_WARN_DEPRECATED_OBJC_IMPLEMENTATIONS = YES;
				CLANG_WARN_DIRECT_OBJC_ISA_USAGE = YES_ERROR;
				CLANG_WARN_DOCUMENTATION_COMMENTS = YES;
				CLANG_WARN_EMPTY_BODY = YES;
				CLANG_WARN_ENUM_CONVERSION = YES;
				CLANG_WARN_INFINITE_RECURSION = YES;
				CLANG_WARN_INT_CONVERSION = YES;
				CLANG_WARN_NON_LITERAL_NULL_CONVERSION = YES;
				CLANG_WARN_OBJC_IMPLICIT_RETAIN_SELF = YES;
				CLANG_WARN_OBJC_LITERAL_CONVERSION = YES;
				CLANG_WARN_OBJC_ROOT_CLASS = YES_ERROR;
				CLANG_WARN_RANGE_LOOP_ANALYSIS = YES;
				CLANG_WARN_STRICT_PROTOTYPES = YES;
				CLANG_WARN_SUSPICIOUS_MOVE = YES;
				CLANG_WARN_UNGUARDED_AVAILABILITY = YES_AGGRESSIVE;
				CLANG_WARN_UNREACHABLE_CODE = YES;
				CLANG_WARN__DUPLICATE_METHOD_MATCH = YES;
				COPY_PHASE_STRIP = NO;
				DEBUG_INFORMATION_FORMAT = dwarf;
				ENABLE_STRICT_OBJC_MSGSEND = YES;
				ENABLE_TESTABILITY = YES;
				GCC_C_LANGUAGE_STANDARD = gnu11;
				GCC_DYNAMIC_NO_PIC = NO;
				GCC_NO_COMMON_BLOCKS = YES;
				GCC_OPTIMIZATION_LEVEL = 0;
				GCC_PREPROCESSOR_DEFINITIONS = (
					"DEBUG=1",
					"$(inherited)",
				);
				GCC_WARN_64_TO_32_BIT_CONVERSION = YES;
				GCC_WARN_ABOUT_RETURN_TYPE = YES_ERROR;
				GCC_WARN_UNDECLARED_SELECTOR = YES;
				GCC_WARN_UNINITIALIZED_AUTOS = YES_AGGRESSIVE;
				GCC_WARN_UNUSED_FUNCTION = YES;
				GCC_WARN_UNUSED_VARIABLE = YES;
				IPHONEOS_DEPLOYMENT_TARGET = 13.2;
				MTL_ENABLE_DEBUG_INFO = INCLUDE_SOURCE;
				MTL_FAST_MATH = YES;
				ONLY_ACTIVE_ARCH = YES;
				SDKROOT = iphoneos;
				SWIFT_ACTIVE_COMPILATION_CONDITIONS = DEBUG;
				SWIFT_OPTIMIZATION_LEVEL = "-Onone";
			};
			name = Debug;
		};
		9BBAFD0D23894A8600460AC8 /* Release */ = {
			isa = XCBuildConfiguration;
			buildSettings = {
				ALWAYS_SEARCH_USER_PATHS = NO;
				CLANG_ANALYZER_NONNULL = YES;
				CLANG_ANALYZER_NUMBER_OBJECT_CONVERSION = YES_AGGRESSIVE;
				CLANG_CXX_LANGUAGE_STANDARD = "gnu++14";
				CLANG_CXX_LIBRARY = "libc++";
				CLANG_ENABLE_MODULES = YES;
				CLANG_ENABLE_OBJC_ARC = YES;
				CLANG_ENABLE_OBJC_WEAK = YES;
				CLANG_WARN_BLOCK_CAPTURE_AUTORELEASING = YES;
				CLANG_WARN_BOOL_CONVERSION = YES;
				CLANG_WARN_COMMA = YES;
				CLANG_WARN_CONSTANT_CONVERSION = YES;
				CLANG_WARN_DEPRECATED_OBJC_IMPLEMENTATIONS = YES;
				CLANG_WARN_DIRECT_OBJC_ISA_USAGE = YES_ERROR;
				CLANG_WARN_DOCUMENTATION_COMMENTS = YES;
				CLANG_WARN_EMPTY_BODY = YES;
				CLANG_WARN_ENUM_CONVERSION = YES;
				CLANG_WARN_INFINITE_RECURSION = YES;
				CLANG_WARN_INT_CONVERSION = YES;
				CLANG_WARN_NON_LITERAL_NULL_CONVERSION = YES;
				CLANG_WARN_OBJC_IMPLICIT_RETAIN_SELF = YES;
				CLANG_WARN_OBJC_LITERAL_CONVERSION = YES;
				CLANG_WARN_OBJC_ROOT_CLASS = YES_ERROR;
				CLANG_WARN_RANGE_LOOP_ANALYSIS = YES;
				CLANG_WARN_STRICT_PROTOTYPES = YES;
				CLANG_WARN_SUSPICIOUS_MOVE = YES;
				CLANG_WARN_UNGUARDED_AVAILABILITY = YES_AGGRESSIVE;
				CLANG_WARN_UNREACHABLE_CODE = YES;
				CLANG_WARN__DUPLICATE_METHOD_MATCH = YES;
				COPY_PHASE_STRIP = NO;
				DEBUG_INFORMATION_FORMAT = "dwarf-with-dsym";
				ENABLE_NS_ASSERTIONS = NO;
				ENABLE_STRICT_OBJC_MSGSEND = YES;
				GCC_C_LANGUAGE_STANDARD = gnu11;
				GCC_NO_COMMON_BLOCKS = YES;
				GCC_WARN_64_TO_32_BIT_CONVERSION = YES;
				GCC_WARN_ABOUT_RETURN_TYPE = YES_ERROR;
				GCC_WARN_UNDECLARED_SELECTOR = YES;
				GCC_WARN_UNINITIALIZED_AUTOS = YES_AGGRESSIVE;
				GCC_WARN_UNUSED_FUNCTION = YES;
				GCC_WARN_UNUSED_VARIABLE = YES;
				IPHONEOS_DEPLOYMENT_TARGET = 13.2;
				MTL_ENABLE_DEBUG_INFO = NO;
				MTL_FAST_MATH = YES;
				SDKROOT = iphoneos;
				SWIFT_COMPILATION_MODE = wholemodule;
				SWIFT_OPTIMIZATION_LEVEL = "-O";
				VALIDATE_PRODUCT = YES;
			};
			name = Release;
		};
		9BBAFD0F23894A8600460AC8 /* Debug */ = {
			isa = XCBuildConfiguration;
			buildSettings = {
				ASSETCATALOG_COMPILER_APPICON_NAME = AppIcon;
				CODE_SIGN_STYLE = Automatic;
				DEVELOPMENT_TEAM = U8BG5DN4ZZ;
				INFOPLIST_FILE = ImageGallery/Resources/Info.plist;
				IPHONEOS_DEPLOYMENT_TARGET = 13.2;
				LD_RUNPATH_SEARCH_PATHS = (
					"$(inherited)",
					"@executable_path/Frameworks",
				);
				PRODUCT_BUNDLE_IDENTIFIER = com.ImageGallery;
				PRODUCT_NAME = "$(TARGET_NAME)";
				SWIFT_VERSION = 5.0;
				TARGETED_DEVICE_FAMILY = 1;
			};
			name = Debug;
		};
		9BBAFD1023894A8600460AC8 /* Release */ = {
			isa = XCBuildConfiguration;
			buildSettings = {
				ASSETCATALOG_COMPILER_APPICON_NAME = AppIcon;
				CODE_SIGN_STYLE = Automatic;
				DEVELOPMENT_TEAM = U8BG5DN4ZZ;
				INFOPLIST_FILE = ImageGallery/Resources/Info.plist;
				IPHONEOS_DEPLOYMENT_TARGET = 13.2;
				LD_RUNPATH_SEARCH_PATHS = (
					"$(inherited)",
					"@executable_path/Frameworks",
				);
				PRODUCT_BUNDLE_IDENTIFIER = com.ImageGallery;
				PRODUCT_NAME = "$(TARGET_NAME)";
				SWIFT_VERSION = 5.0;
				TARGETED_DEVICE_FAMILY = 1;
			};
			name = Release;
		};
		9BBAFD1223894A8600460AC8 /* Debug */ = {
			isa = XCBuildConfiguration;
			buildSettings = {
				ALWAYS_EMBED_SWIFT_STANDARD_LIBRARIES = YES;
				BUNDLE_LOADER = "$(TEST_HOST)";
				CODE_SIGN_STYLE = Automatic;
				DEVELOPMENT_TEAM = U8BG5DN4ZZ;
				INFOPLIST_FILE = ImageGalleryTests/Info.plist;
				IPHONEOS_DEPLOYMENT_TARGET = 13.2;
				LD_RUNPATH_SEARCH_PATHS = (
					"$(inherited)",
					"@executable_path/Frameworks",
					"@loader_path/Frameworks",
				);
				PRODUCT_BUNDLE_IDENTIFIER = com.ImageGalleryTests;
				PRODUCT_NAME = "$(TARGET_NAME)";
				SWIFT_VERSION = 5.0;
				TARGETED_DEVICE_FAMILY = "1,2";
				TEST_HOST = "$(BUILT_PRODUCTS_DIR)/ImageGallery.app/ImageGallery";
			};
			name = Debug;
		};
		9BBAFD1323894A8600460AC8 /* Release */ = {
			isa = XCBuildConfiguration;
			buildSettings = {
				ALWAYS_EMBED_SWIFT_STANDARD_LIBRARIES = YES;
				BUNDLE_LOADER = "$(TEST_HOST)";
				CODE_SIGN_STYLE = Automatic;
				DEVELOPMENT_TEAM = U8BG5DN4ZZ;
				INFOPLIST_FILE = ImageGalleryTests/Info.plist;
				IPHONEOS_DEPLOYMENT_TARGET = 13.2;
				LD_RUNPATH_SEARCH_PATHS = (
					"$(inherited)",
					"@executable_path/Frameworks",
					"@loader_path/Frameworks",
				);
				PRODUCT_BUNDLE_IDENTIFIER = com.ImageGalleryTests;
				PRODUCT_NAME = "$(TARGET_NAME)";
				SWIFT_VERSION = 5.0;
				TARGETED_DEVICE_FAMILY = "1,2";
				TEST_HOST = "$(BUILT_PRODUCTS_DIR)/ImageGallery.app/ImageGallery";
			};
			name = Release;
		};
/* End XCBuildConfiguration section */

/* Begin XCConfigurationList section */
		9BBAFCEA23894A8300460AC8 /* Build configuration list for PBXProject "ImageGallery" */ = {
			isa = XCConfigurationList;
			buildConfigurations = (
				9BBAFD0C23894A8600460AC8 /* Debug */,
				9BBAFD0D23894A8600460AC8 /* Release */,
			);
			defaultConfigurationIsVisible = 0;
			defaultConfigurationName = Release;
		};
		9BBAFD0E23894A8600460AC8 /* Build configuration list for PBXNativeTarget "ImageGallery" */ = {
			isa = XCConfigurationList;
			buildConfigurations = (
				9BBAFD0F23894A8600460AC8 /* Debug */,
				9BBAFD1023894A8600460AC8 /* Release */,
			);
			defaultConfigurationIsVisible = 0;
			defaultConfigurationName = Release;
		};
		9BBAFD1123894A8600460AC8 /* Build configuration list for PBXNativeTarget "ImageGalleryTests" */ = {
			isa = XCConfigurationList;
			buildConfigurations = (
				9BBAFD1223894A8600460AC8 /* Debug */,
				9BBAFD1323894A8600460AC8 /* Release */,
			);
			defaultConfigurationIsVisible = 0;
			defaultConfigurationName = Release;
		};
/* End XCConfigurationList section */
	};
	rootObject = 9BBAFCE723894A8300460AC8 /* Project object */;
}
